
Microsoft Visual Studio Solution File, Format Version 12.00
# Visual Studio Version 17
VisualStudioVersion = 17.11.35327.3
MinimumVisualStudioVersion = 10.0.40219.1
Project("{FAE04EC0-301F-11D3-BF4B-00C04F79EFBC}") = "Scavenger3_Essentials-SignCommands", "Scavenger3_Essentials-SignCommands\Scavenger3_Essentials-SignCommands.csproj", "{D25D850D-3B94-412C-86AF-141034814D46}"
EndProject
Global
	GlobalSection(SolutionConfigurationPlatforms) = preSolution
		Debug|Any CPU = Debug|Any CPU
		Release|Any CPU = Release|Any CPU
	EndGlobalSection
	GlobalSection(ProjectConfigurationPlatforms) = postSolution
		{D25D850D-3B94-412C-86AF-141034814D46}.Debug|Any CPU.ActiveCfg = Debug|Any CPU
		{D25D850D-3B94-412C-86AF-141034814D46}.Debug|Any CPU.Build.0 = Debug|Any CPU
		{D25D850D-3B94-412C-86AF-141034814D46}.Release|Any CPU.ActiveCfg = Release|Any CPU
		{D25D850D-3B94-412C-86AF-141034814D46}.Release|Any CPU.Build.0 = Release|Any CPU
	EndGlobalSection
	GlobalSection(SolutionProperties) = preSolution
		HideSolutionNode = FALSE
	EndGlobalSection
	GlobalSection(ExtensibilityGlobals) = postSolution
		SolutionGuid = {8524031C-8790-4C6E-9401-D87C06E33AD1}
	EndGlobalSection
EndGlobal
